// !$*UTF8*$!
{
	archiveVersion = 1;
	classes = {
	};
	objectVersion = 51;
	objects = {

/* Begin PBXBuildFile section */
		286468413E3392D38A1D3125 /* Pods_Debugger.framework in Frameworks */ = {isa = PBXBuildFile; fileRef = 1B5E451FEA6B0FF8957DC676 /* Pods_Debugger.framework */; };
		FA4BDE32249378A700A333BF /* AppDelegate.swift in Sources */ = {isa = PBXBuildFile; fileRef = FA4BDE31249378A700A333BF /* AppDelegate.swift */; };
		FA4BDE34249378A700A333BF /* AppView.swift in Sources */ = {isa = PBXBuildFile; fileRef = FA4BDE33249378A700A333BF /* AppView.swift */; };
		FA4BDE36249378AB00A333BF /* Assets.xcassets in Resources */ = {isa = PBXBuildFile; fileRef = FA4BDE35249378AB00A333BF /* Assets.xcassets */; };
		FA4BDE39249378AB00A333BF /* Preview Assets.xcassets in Resources */ = {isa = PBXBuildFile; fileRef = FA4BDE38249378AB00A333BF /* Preview Assets.xcassets */; };
		FA4BDE3C249378AB00A333BF /* Main.storyboard in Resources */ = {isa = PBXBuildFile; fileRef = FA4BDE3A249378AB00A333BF /* Main.storyboard */; };
/* End PBXBuildFile section */

/* Begin PBXFileReference section */
		1B5E451FEA6B0FF8957DC676 /* Pods_Debugger.framework */ = {isa = PBXFileReference; explicitFileType = wrapper.framework; includeInIndex = 0; path = Pods_Debugger.framework; sourceTree = BUILT_PRODUCTS_DIR; };
		8BA1B39361C1C5B6077E7CDA /* Pods-Debugger.release.xcconfig */ = {isa = PBXFileReference; includeInIndex = 1; lastKnownFileType = text.xcconfig; name = "Pods-Debugger.release.xcconfig"; path = "Target Support Files/Pods-Debugger/Pods-Debugger.release.xcconfig"; sourceTree = "<group>"; };
		BC0C4231D4C09BF19D84893B /* Pods-Debugger.debug.xcconfig */ = {isa = PBXFileReference; includeInIndex = 1; lastKnownFileType = text.xcconfig; name = "Pods-Debugger.debug.xcconfig"; path = "Target Support Files/Pods-Debugger/Pods-Debugger.debug.xcconfig"; sourceTree = "<group>"; };
		FA4BDE2E249378A700A333BF /* Debugger.app */ = {isa = PBXFileReference; explicitFileType = wrapper.application; includeInIndex = 0; path = Debugger.app; sourceTree = BUILT_PRODUCTS_DIR; };
		FA4BDE31249378A700A333BF /* AppDelegate.swift */ = {isa = PBXFileReference; lastKnownFileType = sourcecode.swift; path = AppDelegate.swift; sourceTree = "<group>"; };
		FA4BDE33249378A700A333BF /* AppView.swift */ = {isa = PBXFileReference; lastKnownFileType = sourcecode.swift; path = AppView.swift; sourceTree = "<group>"; };
		FA4BDE35249378AB00A333BF /* Assets.xcassets */ = {isa = PBXFileReference; lastKnownFileType = folder.assetcatalog; path = Assets.xcassets; sourceTree = "<group>"; };
		FA4BDE38249378AB00A333BF /* Preview Assets.xcassets */ = {isa = PBXFileReference; lastKnownFileType = folder.assetcatalog; path = "Preview Assets.xcassets"; sourceTree = "<group>"; };
		FA4BDE3B249378AB00A333BF /* Base */ = {isa = PBXFileReference; lastKnownFileType = file.storyboard; name = Base; path = Base.lproj/Main.storyboard; sourceTree = "<group>"; };
		FA4BDE3D249378AB00A333BF /* Info.plist */ = {isa = PBXFileReference; lastKnownFileType = text.plist.xml; path = Info.plist; sourceTree = "<group>"; };
		FA4BDE3E249378AB00A333BF /* Debugger.entitlements */ = {isa = PBXFileReference; lastKnownFileType = text.plist.entitlements; path = Debugger.entitlements; sourceTree = "<group>"; };
/* End PBXFileReference section */

/* Begin PBXFrameworksBuildPhase section */
		FA4BDE2B249378A700A333BF /* Frameworks */ = {
			isa = PBXFrameworksBuildPhase;
			buildActionMask = 2147483647;
			files = (
				286468413E3392D38A1D3125 /* Pods_Debugger.framework in Frameworks */,
			);
			runOnlyForDeploymentPostprocessing = 0;
		};
/* End PBXFrameworksBuildPhase section */

/* Begin PBXGroup section */
		7EEBF0AE59075C43EF9F19EE /* Pods */ = {
			isa = PBXGroup;
			children = (
				BC0C4231D4C09BF19D84893B /* Pods-Debugger.debug.xcconfig */,
				8BA1B39361C1C5B6077E7CDA /* Pods-Debugger.release.xcconfig */,
			);
			path = Pods;
			sourceTree = "<group>";
		};
		B394975621D775F850D8D76D /* Frameworks */ = {
			isa = PBXGroup;
			children = (
				1B5E451FEA6B0FF8957DC676 /* Pods_Debugger.framework */,
			);
			name = Frameworks;
			sourceTree = "<group>";
		};
		FA4BDE25249378A700A333BF = {
			isa = PBXGroup;
			children = (
				FA4BDE30249378A700A333BF /* Debugger */,
				FA4BDE2F249378A700A333BF /* Products */,
				7EEBF0AE59075C43EF9F19EE /* Pods */,
				B394975621D775F850D8D76D /* Frameworks */,
			);
			sourceTree = "<group>";
		};
		FA4BDE2F249378A700A333BF /* Products */ = {
			isa = PBXGroup;
			children = (
				FA4BDE2E249378A700A333BF /* Debugger.app */,
			);
			name = Products;
			sourceTree = "<group>";
		};
		FA4BDE30249378A700A333BF /* Debugger */ = {
			isa = PBXGroup;
			children = (
				FA4BDE31249378A700A333BF /* AppDelegate.swift */,
				FA4BDE33249378A700A333BF /* AppView.swift */,
				FA4BDE35249378AB00A333BF /* Assets.xcassets */,
				FA4BDE3A249378AB00A333BF /* Main.storyboard */,
				FA4BDE3D249378AB00A333BF /* Info.plist */,
				FA4BDE3E249378AB00A333BF /* Debugger.entitlements */,
				FA4BDE37249378AB00A333BF /* Preview Content */,
			);
			path = Debugger;
			sourceTree = "<group>";
		};
		FA4BDE37249378AB00A333BF /* Preview Content */ = {
			isa = PBXGroup;
			children = (
				FA4BDE38249378AB00A333BF /* Preview Assets.xcassets */,
			);
			path = "Preview Content";
			sourceTree = "<group>";
		};
/* End PBXGroup section */

/* Begin PBXNativeTarget section */
		FA4BDE2D249378A700A333BF /* Debugger */ = {
			isa = PBXNativeTarget;
			buildConfigurationList = FA4BDE41249378AB00A333BF /* Build configuration list for PBXNativeTarget "Debugger" */;
			buildPhases = (
				29ABEA626FF8091264C3772F /* [CP] Check Pods Manifest.lock */,
				FA4BDE2A249378A700A333BF /* Sources */,
				FA4BDE2B249378A700A333BF /* Frameworks */,
				FA4BDE2C249378A700A333BF /* Resources */,
				31BFF3D057DAF62E6E7A8250 /* [CP] Embed Pods Frameworks */,
			);
			buildRules = (
			);
			dependencies = (
			);
			name = Debugger;
			productName = Debugger;
			productReference = FA4BDE2E249378A700A333BF /* Debugger.app */;
			productType = "com.apple.product-type.application";
		};
/* End PBXNativeTarget section */

/* Begin PBXProject section */
		FA4BDE26249378A700A333BF /* Project object */ = {
			isa = PBXProject;
			attributes = {
				LastSwiftUpdateCheck = 1140;
				LastUpgradeCheck = 1140;
				ORGANIZATIONNAME = "Andrew Tan";
				TargetAttributes = {
					FA4BDE2D249378A700A333BF = {
						CreatedOnToolsVersion = 11.4;
					};
				};
			};
			buildConfigurationList = FA4BDE29249378A700A333BF /* Build configuration list for PBXProject "Debugger" */;
			compatibilityVersion = "Xcode 9.3";
			developmentRegion = en;
			hasScannedForEncodings = 0;
			knownRegions = (
				en,
				Base,
			);
			mainGroup = FA4BDE25249378A700A333BF;
			productRefGroup = FA4BDE2F249378A700A333BF /* Products */;
			projectDirPath = "";
			projectRoot = "";
			targets = (
				FA4BDE2D249378A700A333BF /* Debugger */,
			);
		};
/* End PBXProject section */

/* Begin PBXResourcesBuildPhase section */
		FA4BDE2C249378A700A333BF /* Resources */ = {
			isa = PBXResourcesBuildPhase;
			buildActionMask = 2147483647;
			files = (
				FA4BDE3C249378AB00A333BF /* Main.storyboard in Resources */,
				FA4BDE39249378AB00A333BF /* Preview Assets.xcassets in Resources */,
				FA4BDE36249378AB00A333BF /* Assets.xcassets in Resources */,
			);
			runOnlyForDeploymentPostprocessing = 0;
		};
/* End PBXResourcesBuildPhase section */

/* Begin PBXShellScriptBuildPhase section */
		29ABEA626FF8091264C3772F /* [CP] Check Pods Manifest.lock */ = {
			isa = PBXShellScriptBuildPhase;
			buildActionMask = 2147483647;
			files = (
			);
			inputFileListPaths = (
			);
			inputPaths = (
				"${PODS_PODFILE_DIR_PATH}/Podfile.lock",
				"${PODS_ROOT}/Manifest.lock",
			);
			name = "[CP] Check Pods Manifest.lock";
			outputFileListPaths = (
			);
			outputPaths = (
				"$(DERIVED_FILE_DIR)/Pods-Debugger-checkManifestLockResult.txt",
			);
			runOnlyForDeploymentPostprocessing = 0;
			shellPath = /bin/sh;
			shellScript = "diff \"${PODS_PODFILE_DIR_PATH}/Podfile.lock\" \"${PODS_ROOT}/Manifest.lock\" > /dev/null\nif [ $? != 0 ] ; then\n    # print error to STDERR\n    echo \"error: The sandbox is not in sync with the Podfile.lock. Run 'pod install' or update your CocoaPods installation.\" >&2\n    exit 1\nfi\n# This output is used by Xcode 'outputs' to avoid re-running this script phase.\necho \"SUCCESS\" > \"${SCRIPT_OUTPUT_FILE_0}\"\n";
			showEnvVarsInLog = 0;
		};
		31BFF3D057DAF62E6E7A8250 /* [CP] Embed Pods Frameworks */ = {
			isa = PBXShellScriptBuildPhase;
			buildActionMask = 2147483647;
			files = (
			);
			inputFileListPaths = (
				"${PODS_ROOT}/Target Support Files/Pods-Debugger/Pods-Debugger-frameworks-${CONFIGURATION}-input-files.xcfilelist",
			);
			name = "[CP] Embed Pods Frameworks";
			outputFileListPaths = (
				"${PODS_ROOT}/Target Support Files/Pods-Debugger/Pods-Debugger-frameworks-${CONFIGURATION}-output-files.xcfilelist",
			);
			runOnlyForDeploymentPostprocessing = 0;
			shellPath = /bin/sh;
			shellScript = "\"${PODS_ROOT}/Target Support Files/Pods-Debugger/Pods-Debugger-frameworks.sh\"\n";
			showEnvVarsInLog = 0;
		};
/* End PBXShellScriptBuildPhase section */

/* Begin PBXSourcesBuildPhase section */
		FA4BDE2A249378A700A333BF /* Sources */ = {
			isa = PBXSourcesBuildPhase;
			buildActionMask = 2147483647;
			files = (
				FA4BDE34249378A700A333BF /* AppView.swift in Sources */,
				FA4BDE32249378A700A333BF /* AppDelegate.swift in Sources */,
			);
			runOnlyForDeploymentPostprocessing = 0;
		};
/* End PBXSourcesBuildPhase section */

/* Begin PBXVariantGroup section */
		FA4BDE3A249378AB00A333BF /* Main.storyboard */ = {
			isa = PBXVariantGroup;
			children = (
				FA4BDE3B249378AB00A333BF /* Base */,
			);
			name = Main.storyboard;
			sourceTree = "<group>";
		};
/* End PBXVariantGroup section */

/* Begin XCBuildConfiguration section */
		FA4BDE3F249378AB00A333BF /* Debug */ = {
			isa = XCBuildConfiguration;
			buildSettings = {
				ALWAYS_SEARCH_USER_PATHS = NO;
				CLANG_ANALYZER_NONNULL = YES;
				CLANG_ANALYZER_NUMBER_OBJECT_CONVERSION = YES_AGGRESSIVE;
				CLANG_CXX_LANGUAGE_STANDARD = "gnu++14";
				CLANG_CXX_LIBRARY = "libc++";
				CLANG_ENABLE_MODULES = YES;
				CLANG_ENABLE_OBJC_ARC = YES;
				CLANG_ENABLE_OBJC_WEAK = YES;
				CLANG_WARN_BLOCK_CAPTURE_AUTORELEASING = YES;
				CLANG_WARN_BOOL_CONVERSION = YES;
				CLANG_WARN_COMMA = YES;
				CLANG_WARN_CONSTANT_CONVERSION = YES;
				CLANG_WARN_DEPRECATED_OBJC_IMPLEMENTATIONS = YES;
				CLANG_WARN_DIRECT_OBJC_ISA_USAGE = YES_ERROR;
				CLANG_WARN_DOCUMENTATION_COMMENTS = YES;
				CLANG_WARN_EMPTY_BODY = YES;
				CLANG_WARN_ENUM_CONVERSION = YES;
				CLANG_WARN_INFINITE_RECURSION = YES;
				CLANG_WARN_INT_CONVERSION = YES;
				CLANG_WARN_NON_LITERAL_NULL_CONVERSION = YES;
				CLANG_WARN_OBJC_IMPLICIT_RETAIN_SELF = YES;
				CLANG_WARN_OBJC_LITERAL_CONVERSION = YES;
				CLANG_WARN_OBJC_ROOT_CLASS = YES_ERROR;
				CLANG_WARN_RANGE_LOOP_ANALYSIS = YES;
				CLANG_WARN_STRICT_PROTOTYPES = YES;
				CLANG_WARN_SUSPICIOUS_MOVE = YES;
				CLANG_WARN_UNGUARDED_AVAILABILITY = YES_AGGRESSIVE;
				CLANG_WARN_UNREACHABLE_CODE = YES;
				CLANG_WARN__DUPLICATE_METHOD_MATCH = YES;
				COPY_PHASE_STRIP = NO;
				DEBUG_INFORMATION_FORMAT = dwarf;
				ENABLE_STRICT_OBJC_MSGSEND = YES;
				ENABLE_TESTABILITY = YES;
				GCC_C_LANGUAGE_STANDARD = gnu11;
				GCC_DYNAMIC_NO_PIC = NO;
				GCC_NO_COMMON_BLOCKS = YES;
				GCC_OPTIMIZATION_LEVEL = 0;
				GCC_PREPROCESSOR_DEFINITIONS = (
					"DEBUG=1",
					"$(inherited)",
				);
				GCC_WARN_64_TO_32_BIT_CONVERSION = YES;
				GCC_WARN_ABOUT_RETURN_TYPE = YES_ERROR;
				GCC_WARN_UNDECLARED_SELECTOR = YES;
				GCC_WARN_UNINITIALIZED_AUTOS = YES_AGGRESSIVE;
				GCC_WARN_UNUSED_FUNCTION = YES;
				GCC_WARN_UNUSED_VARIABLE = YES;
				MACOSX_DEPLOYMENT_TARGET = 10.15;
				MTL_ENABLE_DEBUG_INFO = INCLUDE_SOURCE;
				MTL_FAST_MATH = YES;
				ONLY_ACTIVE_ARCH = YES;
				SDKROOT = macosx;
				SWIFT_ACTIVE_COMPILATION_CONDITIONS = DEBUG;
				SWIFT_OPTIMIZATION_LEVEL = "-Onone";
			};
			name = Debug;
		};
		FA4BDE40249378AB00A333BF /* Release */ = {
			isa = XCBuildConfiguration;
			buildSettings = {
				ALWAYS_SEARCH_USER_PATHS = NO;
				CLANG_ANALYZER_NONNULL = YES;
				CLANG_ANALYZER_NUMBER_OBJECT_CONVERSION = YES_AGGRESSIVE;
				CLANG_CXX_LANGUAGE_STANDARD = "gnu++14";
				CLANG_CXX_LIBRARY = "libc++";
				CLANG_ENABLE_MODULES = YES;
				CLANG_ENABLE_OBJC_ARC = YES;
				CLANG_ENABLE_OBJC_WEAK = YES;
				CLANG_WARN_BLOCK_CAPTURE_AUTORELEASING = YES;
				CLANG_WARN_BOOL_CONVERSION = YES;
				CLANG_WARN_COMMA = YES;
				CLANG_WARN_CONSTANT_CONVERSION = YES;
				CLANG_WARN_DEPRECATED_OBJC_IMPLEMENTATIONS = YES;
				CLANG_WARN_DIRECT_OBJC_ISA_USAGE = YES_ERROR;
				CLANG_WARN_DOCUMENTATION_COMMENTS = YES;
				CLANG_WARN_EMPTY_BODY = YES;
				CLANG_WARN_ENUM_CONVERSION = YES;
				CLANG_WARN_INFINITE_RECURSION = YES;
				CLANG_WARN_INT_CONVERSION = YES;
				CLANG_WARN_NON_LITERAL_NULL_CONVERSION = YES;
				CLANG_WARN_OBJC_IMPLICIT_RETAIN_SELF = YES;
				CLANG_WARN_OBJC_LITERAL_CONVERSION = YES;
				CLANG_WARN_OBJC_ROOT_CLASS = YES_ERROR;
				CLANG_WARN_RANGE_LOOP_ANALYSIS = YES;
				CLANG_WARN_STRICT_PROTOTYPES = YES;
				CLANG_WARN_SUSPICIOUS_MOVE = YES;
				CLANG_WARN_UNGUARDED_AVAILABILITY = YES_AGGRESSIVE;
				CLANG_WARN_UNREACHABLE_CODE = YES;
				CLANG_WARN__DUPLICATE_METHOD_MATCH = YES;
				COPY_PHASE_STRIP = NO;
				DEBUG_INFORMATION_FORMAT = "dwarf-with-dsym";
				ENABLE_NS_ASSERTIONS = NO;
				ENABLE_STRICT_OBJC_MSGSEND = YES;
				GCC_C_LANGUAGE_STANDARD = gnu11;
				GCC_NO_COMMON_BLOCKS = YES;
				GCC_WARN_64_TO_32_BIT_CONVERSION = YES;
				GCC_WARN_ABOUT_RETURN_TYPE = YES_ERROR;
				GCC_WARN_UNDECLARED_SELECTOR = YES;
				GCC_WARN_UNINITIALIZED_AUTOS = YES_AGGRESSIVE;
				GCC_WARN_UNUSED_FUNCTION = YES;
				GCC_WARN_UNUSED_VARIABLE = YES;
				MACOSX_DEPLOYMENT_TARGET = 10.15;
				MTL_ENABLE_DEBUG_INFO = NO;
				MTL_FAST_MATH = YES;
				SDKROOT = macosx;
				SWIFT_COMPILATION_MODE = wholemodule;
				SWIFT_OPTIMIZATION_LEVEL = "-O";
			};
			name = Release;
		};
		FA4BDE42249378AB00A333BF /* Debug */ = {
			isa = XCBuildConfiguration;
			baseConfigurationReference = BC0C4231D4C09BF19D84893B /* Pods-Debugger.debug.xcconfig */;
			buildSettings = {
				ASSETCATALOG_COMPILER_APPICON_NAME = AppIcon;
				CODE_SIGN_ENTITLEMENTS = Debugger/Debugger.entitlements;
				CODE_SIGN_STYLE = Automatic;
				COMBINE_HIDPI_IMAGES = YES;
				DEVELOPMENT_ASSET_PATHS = "\"Debugger/Preview Content\"";
				DEVELOPMENT_TEAM = GK2FD9LYA7;
				ENABLE_HARDENED_RUNTIME = YES;
				ENABLE_PREVIEWS = YES;
				INFOPLIST_FILE = Debugger/Info.plist;
				LD_RUNPATH_SEARCH_PATHS = (
					"$(inherited)",
					"@executable_path/../Frameworks",
				);
				MACOSX_DEPLOYMENT_TARGET = 10.15;
				PRODUCT_BUNDLE_IDENTIFIER = ca.andrewvtan.Debugger;
				PRODUCT_NAME = "$(TARGET_NAME)";
				SWIFT_VERSION = 5.0;
			};
			name = Debug;
		};
		FA4BDE43249378AB00A333BF /* Release */ = {
			isa = XCBuildConfiguration;
			baseConfigurationReference = 8BA1B39361C1C5B6077E7CDA /* Pods-Debugger.release.xcconfig */;
			buildSettings = {
				ASSETCATALOG_COMPILER_APPICON_NAME = AppIcon;
				CODE_SIGN_ENTITLEMENTS = Debugger/Debugger.entitlements;
				CODE_SIGN_STYLE = Automatic;
				COMBINE_HIDPI_IMAGES = YES;
				DEVELOPMENT_ASSET_PATHS = "\"Debugger/Preview Content\"";
				DEVELOPMENT_TEAM = GK2FD9LYA7;
				ENABLE_HARDENED_RUNTIME = YES;
				ENABLE_PREVIEWS = YES;
				INFOPLIST_FILE = Debugger/Info.plist;
				LD_RUNPATH_SEARCH_PATHS = (
					"$(inherited)",
					"@executable_path/../Frameworks",
				);
				MACOSX_DEPLOYMENT_TARGET = 10.15;
				PRODUCT_BUNDLE_IDENTIFIER = ca.andrewvtan.Debugger;
				PRODUCT_NAME = "$(TARGET_NAME)";
				SWIFT_VERSION = 5.0;
			};
			name = Release;
		};
/* End XCBuildConfiguration section */

/* Begin XCConfigurationList section */
		FA4BDE29249378A700A333BF /* Build configuration list for PBXProject "Debugger" */ = {
			isa = XCConfigurationList;
			buildConfigurations = (
				FA4BDE3F249378AB00A333BF /* Debug */,
				FA4BDE40249378AB00A333BF /* Release */,
			);
			defaultConfigurationIsVisible = 0;
			defaultConfigurationName = Release;
		};
		FA4BDE41249378AB00A333BF /* Build configuration list for PBXNativeTarget "Debugger" */ = {
			isa = XCConfigurationList;
			buildConfigurations = (
				FA4BDE42249378AB00A333BF /* Debug */,
				FA4BDE43249378AB00A333BF /* Release */,
			);
			defaultConfigurationIsVisible = 0;
			defaultConfigurationName = Release;
		};
/* End XCConfigurationList section */
	};
	rootObject = FA4BDE26249378A700A333BF /* Project object */;
}
